
Microsoft Visual Studio Solution File, Format Version 12.00
# Visual Studio Version 17
VisualStudioVersion = 17.2.32630.192
MinimumVisualStudioVersion = 10.0.40219.1
Project("{888888A0-9F3D-457C-B088-3A5042F75D52}") = "PythonApplication6", "PythonApplication6.pyproj", "{54490A1B-25AD-42B4-B2CE-9A83F2AEFA6D}"
EndProject
Global
	GlobalSection(SolutionConfigurationPlatforms) = preSolution
		Debug|Any CPU = Debug|Any CPU
		Release|Any CPU = Release|Any CPU
	EndGlobalSection
	GlobalSection(ProjectConfigurationPlatforms) = postSolution
		{54490A1B-25AD-42B4-B2CE-9A83F2AEFA6D}.Debug|Any CPU.ActiveCfg = Debug|Any CPU
		{54490A1B-25AD-42B4-B2CE-9A83F2AEFA6D}.Release|Any CPU.ActiveCfg = Release|Any CPU
	EndGlobalSection
	GlobalSection(SolutionProperties) = preSolution
		HideSolutionNode = FALSE
	EndGlobalSection
	GlobalSection(ExtensibilityGlobals) = postSolution
		SolutionGuid = {9D2C3995-CFC5-4BA8-80C4-1FC5CC4B69F7}
	EndGlobalSection
EndGlobal
